
Microsoft Visual Studio Solution File, Format Version 12.00
# Visual Studio 15
VisualStudioVersion = 15.0.27130.2003
MinimumVisualStudioVersion = 10.0.40219.1
Project("{FAE04EC0-301F-11D3-BF4B-00C04F79EFBC}") = "Dialogs.Android", "Dialogs\Dialogs.Android\Dialogs.Android.csproj", "{FCF3D182-9716-43CF-A68C-F95A5A1E15E1}"
EndProject
Project("{FAE04EC0-301F-11D3-BF4B-00C04F79EFBC}") = "Dialogs.iOS", "Dialogs\Dialogs.iOS\Dialogs.iOS.csproj", "{A03108D4-355C-4BD9-B849-6B3FC1E357FA}"
EndProject
Project("{FAE04EC0-301F-11D3-BF4B-00C04F79EFBC}") = "Dialogs.UWP", "Dialogs\Dialogs.UWP\Dialogs.UWP.csproj", "{D0DDA2D3-F453-4418-AD34-88969B3C6935}"
EndProject
Project("{FAE04EC0-301F-11D3-BF4B-00C04F79EFBC}") = "Dialogs", "Dialogs\Dialogs\Dialogs.csproj", "{073C0719-1A94-418E-BC4F-B1856201DE85}"
EndProject
Global
	GlobalSection(SolutionConfigurationPlatforms) = preSolution
		Ad-Hoc|Any CPU = Ad-Hoc|Any CPU
		Ad-Hoc|ARM = Ad-Hoc|ARM
		Ad-Hoc|iPhone = Ad-Hoc|iPhone
		Ad-Hoc|iPhoneSimulator = Ad-Hoc|iPhoneSimulator
		Ad-Hoc|x64 = Ad-Hoc|x64
		Ad-Hoc|x86 = Ad-Hoc|x86
		AppStore|Any CPU = AppStore|Any CPU
		AppStore|ARM = AppStore|ARM
		AppStore|iPhone = AppStore|iPhone
		AppStore|iPhoneSimulator = AppStore|iPhoneSimulator
		AppStore|x64 = AppStore|x64
		AppStore|x86 = AppStore|x86
		Debug|Any CPU = Debug|Any CPU
		Debug|ARM = Debug|ARM
		Debug|iPhone = Debug|iPhone
		Debug|iPhoneSimulator = Debug|iPhoneSimulator
		Debug|x64 = Debug|x64
		Debug|x86 = Debug|x86
		Release|Any CPU = Release|Any CPU
		Release|ARM = Release|ARM
		Release|iPhone = Release|iPhone
		Release|iPhoneSimulator = Release|iPhoneSimulator
		Release|x64 = Release|x64
		Release|x86 = Release|x86
	EndGlobalSection
	GlobalSection(ProjectConfigurationPlatforms) = postSolution
		{FCF3D182-9716-43CF-A68C-F95A5A1E15E1}.Ad-Hoc|Any CPU.ActiveCfg = Release|Any CPU
		{FCF3D182-9716-43CF-A68C-F95A5A1E15E1}.Ad-Hoc|Any CPU.Build.0 = Release|Any CPU
		{FCF3D182-9716-43CF-A68C-F95A5A1E15E1}.Ad-Hoc|Any CPU.Deploy.0 = Release|Any CPU
		{FCF3D182-9716-43CF-A68C-F95A5A1E15E1}.Ad-Hoc|ARM.ActiveCfg = Release|Any CPU
		{FCF3D182-9716-43CF-A68C-F95A5A1E15E1}.Ad-Hoc|ARM.Build.0 = Release|Any CPU
		{FCF3D182-9716-43CF-A68C-F95A5A1E15E1}.Ad-Hoc|ARM.Deploy.0 = Release|Any CPU
		{FCF3D182-9716-43CF-A68C-F95A5A1E15E1}.Ad-Hoc|iPhone.ActiveCfg = Release|Any CPU
		{FCF3D182-9716-43CF-A68C-F95A5A1E15E1}.Ad-Hoc|iPhone.Build.0 = Release|Any CPU
		{FCF3D182-9716-43CF-A68C-F95A5A1E15E1}.Ad-Hoc|iPhone.Deploy.0 = Release|Any CPU
		{FCF3D182-9716-43CF-A68C-F95A5A1E15E1}.Ad-Hoc|iPhoneSimulator.ActiveCfg = Release|Any CPU
		{FCF3D182-9716-43CF-A68C-F95A5A1E15E1}.Ad-Hoc|iPhoneSimulator.Build.0 = Release|Any CPU
		{FCF3D182-9716-43CF-A68C-F95A5A1E15E1}.Ad-Hoc|iPhoneSimulator.Deploy.0 = Release|Any CPU
		{FCF3D182-9716-43CF-A68C-F95A5A1E15E1}.Ad-Hoc|x64.ActiveCfg = Release|Any CPU
		{FCF3D182-9716-43CF-A68C-F95A5A1E15E1}.Ad-Hoc|x64.Build.0 = Release|Any CPU
		{FCF3D182-9716-43CF-A68C-F95A5A1E15E1}.Ad-Hoc|x64.Deploy.0 = Release|Any CPU
		{FCF3D182-9716-43CF-A68C-F95A5A1E15E1}.Ad-Hoc|x86.ActiveCfg = Release|Any CPU
		{FCF3D182-9716-43CF-A68C-F95A5A1E15E1}.Ad-Hoc|x86.Build.0 = Release|Any CPU
		{FCF3D182-9716-43CF-A68C-F95A5A1E15E1}.Ad-Hoc|x86.Deploy.0 = Release|Any CPU
		{FCF3D182-9716-43CF-A68C-F95A5A1E15E1}.AppStore|Any CPU.ActiveCfg = Release|Any CPU
		{FCF3D182-9716-43CF-A68C-F95A5A1E15E1}.AppStore|Any CPU.Build.0 = Release|Any CPU
		{FCF3D182-9716-43CF-A68C-F95A5A1E15E1}.AppStore|Any CPU.Deploy.0 = Release|Any CPU
		{FCF3D182-9716-43CF-A68C-F95A5A1E15E1}.AppStore|ARM.ActiveCfg = Release|Any CPU
		{FCF3D182-9716-43CF-A68C-F95A5A1E15E1}.AppStore|ARM.Build.0 = Release|Any CPU
		{FCF3D182-9716-43CF-A68C-F95A5A1E15E1}.AppStore|ARM.Deploy.0 = Release|Any CPU
		{FCF3D182-9716-43CF-A68C-F95A5A1E15E1}.AppStore|iPhone.ActiveCfg = Release|Any CPU
		{FCF3D182-9716-43CF-A68C-F95A5A1E15E1}.AppStore|iPhone.Build.0 = Release|Any CPU
		{FCF3D182-9716-43CF-A68C-F95A5A1E15E1}.AppStore|iPhone.Deploy.0 = Release|Any CPU
		{FCF3D182-9716-43CF-A68C-F95A5A1E15E1}.AppStore|iPhoneSimulator.ActiveCfg = Release|Any CPU
		{FCF3D182-9716-43CF-A68C-F95A5A1E15E1}.AppStore|iPhoneSimulator.Build.0 = Release|Any CPU
		{FCF3D182-9716-43CF-A68C-F95A5A1E15E1}.AppStore|iPhoneSimulator.Deploy.0 = Release|Any CPU
		{FCF3D182-9716-43CF-A68C-F95A5A1E15E1}.AppStore|x64.ActiveCfg = Release|Any CPU
		{FCF3D182-9716-43CF-A68C-F95A5A1E15E1}.AppStore|x64.Build.0 = Release|Any CPU
		{FCF3D182-9716-43CF-A68C-F95A5A1E15E1}.AppStore|x64.Deploy.0 = Release|Any CPU
		{FCF3D182-9716-43CF-A68C-F95A5A1E15E1}.AppStore|x86.ActiveCfg = Release|Any CPU
		{FCF3D182-9716-43CF-A68C-F95A5A1E15E1}.AppStore|x86.Build.0 = Release|Any CPU
		{FCF3D182-9716-43CF-A68C-F95A5A1E15E1}.AppStore|x86.Deploy.0 = Release|Any CPU
		{FCF3D182-9716-43CF-A68C-F95A5A1E15E1}.Debug|Any CPU.ActiveCfg = Debug|Any CPU
		{FCF3D182-9716-43CF-A68C-F95A5A1E15E1}.Debug|Any CPU.Build.0 = Debug|Any CPU
		{FCF3D182-9716-43CF-A68C-F95A5A1E15E1}.Debug|Any CPU.Deploy.0 = Debug|Any CPU
		{FCF3D182-9716-43CF-A68C-F95A5A1E15E1}.Debug|ARM.ActiveCfg = Debug|Any CPU
		{FCF3D182-9716-43CF-A68C-F95A5A1E15E1}.Debug|ARM.Build.0 = Debug|Any CPU
		{FCF3D182-9716-43CF-A68C-F95A5A1E15E1}.Debug|ARM.Deploy.0 = Debug|Any CPU
		{FCF3D182-9716-43CF-A68C-F95A5A1E15E1}.Debug|iPhone.ActiveCfg = Debug|Any CPU
		{FCF3D182-9716-43CF-A68C-F95A5A1E15E1}.Debug|iPhone.Build.0 = Debug|Any CPU
		{FCF3D182-9716-43CF-A68C-F95A5A1E15E1}.Debug|iPhone.Deploy.0 = Debug|Any CPU
		{FCF3D182-9716-43CF-A68C-F95A5A1E15E1}.Debug|iPhoneSimulator.ActiveCfg = Debug|Any CPU
		{FCF3D182-9716-43CF-A68C-F95A5A1E15E1}.Debug|iPhoneSimulator.Build.0 = Debug|Any CPU
		{FCF3D182-9716-43CF-A68C-F95A5A1E15E1}.Debug|iPhoneSimulator.Deploy.0 = Debug|Any CPU
		{FCF3D182-9716-43CF-A68C-F95A5A1E15E1}.Debug|x64.ActiveCfg = Debug|Any CPU
		{FCF3D182-9716-43CF-A68C-F95A5A1E15E1}.Debug|x64.Build.0 = Debug|Any CPU
		{FCF3D182-9716-43CF-A68C-F95A5A1E15E1}.Debug|x64.Deploy.0 = Debug|Any CPU
		{FCF3D182-9716-43CF-A68C-F95A5A1E15E1}.Debug|x86.ActiveCfg = Debug|Any CPU
		{FCF3D182-9716-43CF-A68C-F95A5A1E15E1}.Debug|x86.Build.0 = Debug|Any CPU
		{FCF3D182-9716-43CF-A68C-F95A5A1E15E1}.Debug|x86.Deploy.0 = Debug|Any CPU
		{FCF3D182-9716-43CF-A68C-F95A5A1E15E1}.Release|Any CPU.ActiveCfg = Release|Any CPU
		{FCF3D182-9716-43CF-A68C-F95A5A1E15E1}.Release|Any CPU.Build.0 = Release|Any CPU
		{FCF3D182-9716-43CF-A68C-F95A5A1E15E1}.Release|Any CPU.Deploy.0 = Release|Any CPU
		{FCF3D182-9716-43CF-A68C-F95A5A1E15E1}.Release|ARM.ActiveCfg = Release|Any CPU
		{FCF3D182-9716-43CF-A68C-F95A5A1E15E1}.Release|ARM.Build.0 = Release|Any CPU
		{FCF3D182-9716-43CF-A68C-F95A5A1E15E1}.Release|ARM.Deploy.0 = Release|Any CPU
		{FCF3D182-9716-43CF-A68C-F95A5A1E15E1}.Release|iPhone.ActiveCfg = Release|Any CPU
		{FCF3D182-9716-43CF-A68C-F95A5A1E15E1}.Release|iPhone.Build.0 = Release|Any CPU
		{FCF3D182-9716-43CF-A68C-F95A5A1E15E1}.Release|iPhone.Deploy.0 = Release|Any CPU
		{FCF3D182-9716-43CF-A68C-F95A5A1E15E1}.Release|iPhoneSimulator.ActiveCfg = Release|Any CPU
		{FCF3D182-9716-43CF-A68C-F95A5A1E15E1}.Release|iPhoneSimulator.Build.0 = Release|Any CPU
		{FCF3D182-9716-43CF-A68C-F95A5A1E15E1}.Release|iPhoneSimulator.Deploy.0 = Release|Any CPU
		{FCF3D182-9716-43CF-A68C-F95A5A1E15E1}.Release|x64.ActiveCfg = Release|Any CPU
		{FCF3D182-9716-43CF-A68C-F95A5A1E15E1}.Release|x64.Build.0 = Release|Any CPU
		{FCF3D182-9716-43CF-A68C-F95A5A1E15E1}.Release|x64.Deploy.0 = Release|Any CPU
		{FCF3D182-9716-43CF-A68C-F95A5A1E15E1}.Release|x86.ActiveCfg = Release|Any CPU
		{FCF3D182-9716-43CF-A68C-F95A5A1E15E1}.Release|x86.Build.0 = Release|Any CPU
		{FCF3D182-9716-43CF-A68C-F95A5A1E15E1}.Release|x86.Deploy.0 = Release|Any CPU
		{A03108D4-355C-4BD9-B849-6B3FC1E357FA}.Ad-Hoc|Any CPU.ActiveCfg = Ad-Hoc|iPhone
		{A03108D4-355C-4BD9-B849-6B3FC1E357FA}.Ad-Hoc|ARM.ActiveCfg = Ad-Hoc|iPhone
		{A03108D4-355C-4BD9-B849-6B3FC1E357FA}.Ad-Hoc|iPhone.ActiveCfg = Ad-Hoc|iPhone
		{A03108D4-355C-4BD9-B849-6B3FC1E357FA}.Ad-Hoc|iPhone.Build.0 = Ad-Hoc|iPhone
		{A03108D4-355C-4BD9-B849-6B3FC1E357FA}.Ad-Hoc|iPhoneSimulator.ActiveCfg = Ad-Hoc|iPhoneSimulator
		{A03108D4-355C-4BD9-B849-6B3FC1E357FA}.Ad-Hoc|iPhoneSimulator.Build.0 = Ad-Hoc|iPhoneSimulator
		{A03108D4-355C-4BD9-B849-6B3FC1E357FA}.Ad-Hoc|x64.ActiveCfg = Ad-Hoc|iPhone
		{A03108D4-355C-4BD9-B849-6B3FC1E357FA}.Ad-Hoc|x86.ActiveCfg = Ad-Hoc|iPhone
		{A03108D4-355C-4BD9-B849-6B3FC1E357FA}.AppStore|Any CPU.ActiveCfg = AppStore|iPhone
		{A03108D4-355C-4BD9-B849-6B3FC1E357FA}.AppStore|ARM.ActiveCfg = AppStore|iPhone
		{A03108D4-355C-4BD9-B849-6B3FC1E357FA}.AppStore|iPhone.ActiveCfg = AppStore|iPhone
		{A03108D4-355C-4BD9-B849-6B3FC1E357FA}.AppStore|iPhone.Build.0 = AppStore|iPhone
		{A03108D4-355C-4BD9-B849-6B3FC1E357FA}.AppStore|iPhoneSimulator.ActiveCfg = AppStore|iPhoneSimulator
		{A03108D4-355C-4BD9-B849-6B3FC1E357FA}.AppStore|iPhoneSimulator.Build.0 = AppStore|iPhoneSimulator
		{A03108D4-355C-4BD9-B849-6B3FC1E357FA}.AppStore|x64.ActiveCfg = AppStore|iPhone
		{A03108D4-355C-4BD9-B849-6B3FC1E357FA}.AppStore|x86.ActiveCfg = AppStore|iPhone
		{A03108D4-355C-4BD9-B849-6B3FC1E357FA}.Debug|Any CPU.ActiveCfg = Debug|iPhone
		{A03108D4-355C-4BD9-B849-6B3FC1E357FA}.Debug|ARM.ActiveCfg = Debug|iPhone
		{A03108D4-355C-4BD9-B849-6B3FC1E357FA}.Debug|iPhone.ActiveCfg = Debug|iPhone
		{A03108D4-355C-4BD9-B849-6B3FC1E357FA}.Debug|iPhone.Build.0 = Debug|iPhone
		{A03108D4-355C-4BD9-B849-6B3FC1E357FA}.Debug|iPhoneSimulator.ActiveCfg = Debug|iPhoneSimulator
		{A03108D4-355C-4BD9-B849-6B3FC1E357FA}.Debug|iPhoneSimulator.Build.0 = Debug|iPhoneSimulator
		{A03108D4-355C-4BD9-B849-6B3FC1E357FA}.Debug|x64.ActiveCfg = Debug|iPhone
		{A03108D4-355C-4BD9-B849-6B3FC1E357FA}.Debug|x86.ActiveCfg = Debug|iPhone
		{A03108D4-355C-4BD9-B849-6B3FC1E357FA}.Release|Any CPU.ActiveCfg = Release|iPhone
		{A03108D4-355C-4BD9-B849-6B3FC1E357FA}.Release|ARM.ActiveCfg = Release|iPhone
		{A03108D4-355C-4BD9-B849-6B3FC1E357FA}.Release|iPhone.ActiveCfg = Release|iPhone
		{A03108D4-355C-4BD9-B849-6B3FC1E357FA}.Release|iPhone.Build.0 = Release|iPhone
		{A03108D4-355C-4BD9-B849-6B3FC1E357FA}.Release|iPhoneSimulator.ActiveCfg = Release|iPhoneSimulator
		{A03108D4-355C-4BD9-B849-6B3FC1E357FA}.Release|iPhoneSimulator.Build.0 = Release|iPhoneSimulator
		{A03108D4-355C-4BD9-B849-6B3FC1E357FA}.Release|x64.ActiveCfg = Release|iPhone
		{A03108D4-355C-4BD9-B849-6B3FC1E357FA}.Release|x86.ActiveCfg = Release|iPhone
		{D0DDA2D3-F453-4418-AD34-88969B3C6935}.Ad-Hoc|Any CPU.ActiveCfg = Release|x86
		{D0DDA2D3-F453-4418-AD34-88969B3C6935}.Ad-Hoc|Any CPU.Build.0 = Release|x86
		{D0DDA2D3-F453-4418-AD34-88969B3C6935}.Ad-Hoc|Any CPU.Deploy.0 = Release|x86
		{D0DDA2D3-F453-4418-AD34-88969B3C6935}.Ad-Hoc|ARM.ActiveCfg = Release|ARM
		{D0DDA2D3-F453-4418-AD34-88969B3C6935}.Ad-Hoc|ARM.Build.0 = Release|ARM
		{D0DDA2D3-F453-4418-AD34-88969B3C6935}.Ad-Hoc|ARM.Deploy.0 = Release|ARM
		{D0DDA2D3-F453-4418-AD34-88969B3C6935}.Ad-Hoc|iPhone.ActiveCfg = Release|x86
		{D0DDA2D3-F453-4418-AD34-88969B3C6935}.Ad-Hoc|iPhone.Build.0 = Release|x86
		{D0DDA2D3-F453-4418-AD34-88969B3C6935}.Ad-Hoc|iPhone.Deploy.0 = Release|x86
		{D0DDA2D3-F453-4418-AD34-88969B3C6935}.Ad-Hoc|iPhoneSimulator.ActiveCfg = Release|x86
		{D0DDA2D3-F453-4418-AD34-88969B3C6935}.Ad-Hoc|iPhoneSimulator.Build.0 = Release|x86
		{D0DDA2D3-F453-4418-AD34-88969B3C6935}.Ad-Hoc|iPhoneSimulator.Deploy.0 = Release|x86
		{D0DDA2D3-F453-4418-AD34-88969B3C6935}.Ad-Hoc|x64.ActiveCfg = Release|x64
		{D0DDA2D3-F453-4418-AD34-88969B3C6935}.Ad-Hoc|x64.Build.0 = Release|x64
		{D0DDA2D3-F453-4418-AD34-88969B3C6935}.Ad-Hoc|x64.Deploy.0 = Release|x64
		{D0DDA2D3-F453-4418-AD34-88969B3C6935}.Ad-Hoc|x86.ActiveCfg = Release|x86
		{D0DDA2D3-F453-4418-AD34-88969B3C6935}.Ad-Hoc|x86.Build.0 = Release|x86
		{D0DDA2D3-F453-4418-AD34-88969B3C6935}.Ad-Hoc|x86.Deploy.0 = Release|x86
		{D0DDA2D3-F453-4418-AD34-88969B3C6935}.AppStore|Any CPU.ActiveCfg = Release|x86
		{D0DDA2D3-F453-4418-AD34-88969B3C6935}.AppStore|Any CPU.Build.0 = Release|x86
		{D0DDA2D3-F453-4418-AD34-88969B3C6935}.AppStore|Any CPU.Deploy.0 = Release|x86
		{D0DDA2D3-F453-4418-AD34-88969B3C6935}.AppStore|ARM.ActiveCfg = Release|ARM
		{D0DDA2D3-F453-4418-AD34-88969B3C6935}.AppStore|ARM.Build.0 = Release|ARM
		{D0DDA2D3-F453-4418-AD34-88969B3C6935}.AppStore|ARM.Deploy.0 = Release|ARM
		{D0DDA2D3-F453-4418-AD34-88969B3C6935}.AppStore|iPhone.ActiveCfg = Release|x86
		{D0DDA2D3-F453-4418-AD34-88969B3C6935}.AppStore|iPhone.Build.0 = Release|x86
		{D0DDA2D3-F453-4418-AD34-88969B3C6935}.AppStore|iPhone.Deploy.0 = Release|x86
		{D0DDA2D3-F453-4418-AD34-88969B3C6935}.AppStore|iPhoneSimulator.ActiveCfg = Release|x86
		{D0DDA2D3-F453-4418-AD34-88969B3C6935}.AppStore|iPhoneSimulator.Build.0 = Release|x86
		{D0DDA2D3-F453-4418-AD34-88969B3C6935}.AppStore|iPhoneSimulator.Deploy.0 = Release|x86
		{D0DDA2D3-F453-4418-AD34-88969B3C6935}.AppStore|x64.ActiveCfg = Release|x64
		{D0DDA2D3-F453-4418-AD34-88969B3C6935}.AppStore|x64.Build.0 = Release|x64
		{D0DDA2D3-F453-4418-AD34-88969B3C6935}.AppStore|x64.Deploy.0 = Release|x64
		{D0DDA2D3-F453-4418-AD34-88969B3C6935}.AppStore|x86.ActiveCfg = Release|x86
		{D0DDA2D3-F453-4418-AD34-88969B3C6935}.AppStore|x86.Build.0 = Release|x86
		{D0DDA2D3-F453-4418-AD34-88969B3C6935}.AppStore|x86.Deploy.0 = Release|x86
		{D0DDA2D3-F453-4418-AD34-88969B3C6935}.Debug|Any CPU.ActiveCfg = Debug|x86
		{D0DDA2D3-F453-4418-AD34-88969B3C6935}.Debug|ARM.ActiveCfg = Debug|ARM
		{D0DDA2D3-F453-4418-AD34-88969B3C6935}.Debug|ARM.Build.0 = Debug|ARM
		{D0DDA2D3-F453-4418-AD34-88969B3C6935}.Debug|ARM.Deploy.0 = Debug|ARM
		{D0DDA2D3-F453-4418-AD34-88969B3C6935}.Debug|iPhone.ActiveCfg = Debug|x86
		{D0DDA2D3-F453-4418-AD34-88969B3C6935}.Debug|iPhoneSimulator.ActiveCfg = Debug|x86
		{D0DDA2D3-F453-4418-AD34-88969B3C6935}.Debug|x64.ActiveCfg = Debug|x64
		{D0DDA2D3-F453-4418-AD34-88969B3C6935}.Debug|x64.Build.0 = Debug|x64
		{D0DDA2D3-F453-4418-AD34-88969B3C6935}.Debug|x64.Deploy.0 = Debug|x64
		{D0DDA2D3-F453-4418-AD34-88969B3C6935}.Debug|x86.ActiveCfg = Debug|x86
		{D0DDA2D3-F453-4418-AD34-88969B3C6935}.Debug|x86.Build.0 = Debug|x86
		{D0DDA2D3-F453-4418-AD34-88969B3C6935}.Debug|x86.Deploy.0 = Debug|x86
		{D0DDA2D3-F453-4418-AD34-88969B3C6935}.Release|Any CPU.ActiveCfg = Release|x86
		{D0DDA2D3-F453-4418-AD34-88969B3C6935}.Release|ARM.ActiveCfg = Release|ARM
		{D0DDA2D3-F453-4418-AD34-88969B3C6935}.Release|ARM.Build.0 = Release|ARM
		{D0DDA2D3-F453-4418-AD34-88969B3C6935}.Release|ARM.Deploy.0 = Release|ARM
		{D0DDA2D3-F453-4418-AD34-88969B3C6935}.Release|iPhone.ActiveCfg = Release|x86
		{D0DDA2D3-F453-4418-AD34-88969B3C6935}.Release|iPhoneSimulator.ActiveCfg = Release|x86
		{D0DDA2D3-F453-4418-AD34-88969B3C6935}.Release|x64.ActiveCfg = Release|x64
		{D0DDA2D3-F453-4418-AD34-88969B3C6935}.Release|x64.Build.0 = Release|x64
		{D0DDA2D3-F453-4418-AD34-88969B3C6935}.Release|x64.Deploy.0 = Release|x64
		{D0DDA2D3-F453-4418-AD34-88969B3C6935}.Release|x86.ActiveCfg = Release|x86
		{D0DDA2D3-F453-4418-AD34-88969B3C6935}.Release|x86.Build.0 = Release|x86
		{D0DDA2D3-F453-4418-AD34-88969B3C6935}.Release|x86.Deploy.0 = Release|x86
		{073C0719-1A94-418E-BC4F-B1856201DE85}.Ad-Hoc|Any CPU.ActiveCfg = Debug|Any CPU
		{073C0719-1A94-418E-BC4F-B1856201DE85}.Ad-Hoc|Any CPU.Build.0 = Debug|Any CPU
		{073C0719-1A94-418E-BC4F-B1856201DE85}.Ad-Hoc|ARM.ActiveCfg = Debug|Any CPU
		{073C0719-1A94-418E-BC4F-B1856201DE85}.Ad-Hoc|ARM.Build.0 = Debug|Any CPU
		{073C0719-1A94-418E-BC4F-B1856201DE85}.Ad-Hoc|iPhone.ActiveCfg = Debug|Any CPU
		{073C0719-1A94-418E-BC4F-B1856201DE85}.Ad-Hoc|iPhone.Build.0 = Debug|Any CPU
		{073C0719-1A94-418E-BC4F-B1856201DE85}.Ad-Hoc|iPhoneSimulator.ActiveCfg = Debug|Any CPU
		{073C0719-1A94-418E-BC4F-B1856201DE85}.Ad-Hoc|iPhoneSimulator.Build.0 = Debug|Any CPU
		{073C0719-1A94-418E-BC4F-B1856201DE85}.Ad-Hoc|x64.ActiveCfg = Debug|Any CPU
		{073C0719-1A94-418E-BC4F-B1856201DE85}.Ad-Hoc|x64.Build.0 = Debug|Any CPU
		{073C0719-1A94-418E-BC4F-B1856201DE85}.Ad-Hoc|x86.ActiveCfg = Debug|Any CPU
		{073C0719-1A94-418E-BC4F-B1856201DE85}.Ad-Hoc|x86.Build.0 = Debug|Any CPU
		{073C0719-1A94-418E-BC4F-B1856201DE85}.AppStore|Any CPU.ActiveCfg = Debug|Any CPU
		{073C0719-1A94-418E-BC4F-B1856201DE85}.AppStore|Any CPU.Build.0 = Debug|Any CPU
		{073C0719-1A94-418E-BC4F-B1856201DE85}.AppStore|ARM.ActiveCfg = Debug|Any CPU
		{073C0719-1A94-418E-BC4F-B1856201DE85}.AppStore|ARM.Build.0 = Debug|Any CPU
		{073C0719-1A94-418E-BC4F-B1856201DE85}.AppStore|iPhone.ActiveCfg = Debug|Any CPU
		{073C0719-1A94-418E-BC4F-B1856201DE85}.AppStore|iPhone.Build.0 = Debug|Any CPU
		{073C0719-1A94-418E-BC4F-B1856201DE85}.AppStore|iPhoneSimulator.ActiveCfg = Debug|Any CPU
		{073C0719-1A94-418E-BC4F-B1856201DE85}.AppStore|iPhoneSimulator.Build.0 = Debug|Any CPU
		{073C0719-1A94-418E-BC4F-B1856201DE85}.AppStore|x64.ActiveCfg = Debug|Any CPU
		{073C0719-1A94-418E-BC4F-B1856201DE85}.AppStore|x64.Build.0 = Debug|Any CPU
		{073C0719-1A94-418E-BC4F-B1856201DE85}.AppStore|x86.ActiveCfg = Debug|Any CPU
		{073C0719-1A94-418E-BC4F-B1856201DE85}.AppStore|x86.Build.0 = Debug|Any CPU
		{073C0719-1A94-418E-BC4F-B1856201DE85}.Debug|Any CPU.ActiveCfg = Debug|Any CPU
		{073C0719-1A94-418E-BC4F-B1856201DE85}.Debug|Any CPU.Build.0 = Debug|Any CPU
		{073C0719-1A94-418E-BC4F-B1856201DE85}.Debug|ARM.ActiveCfg = Debug|Any CPU
		{073C0719-1A94-418E-BC4F-B1856201DE85}.Debug|ARM.Build.0 = Debug|Any CPU
		{073C0719-1A94-418E-BC4F-B1856201DE85}.Debug|iPhone.ActiveCfg = Debug|Any CPU
		{073C0719-1A94-418E-BC4F-B1856201DE85}.Debug|iPhone.Build.0 = Debug|Any CPU
		{073C0719-1A94-418E-BC4F-B1856201DE85}.Debug|iPhoneSimulator.ActiveCfg = Debug|Any CPU
		{073C0719-1A94-418E-BC4F-B1856201DE85}.Debug|iPhoneSimulator.Build.0 = Debug|Any CPU
		{073C0719-1A94-418E-BC4F-B1856201DE85}.Debug|x64.ActiveCfg = Debug|Any CPU
		{073C0719-1A94-418E-BC4F-B1856201DE85}.Debug|x64.Build.0 = Debug|Any CPU
		{073C0719-1A94-418E-BC4F-B1856201DE85}.Debug|x86.ActiveCfg = Debug|Any CPU
		{073C0719-1A94-418E-BC4F-B1856201DE85}.Debug|x86.Build.0 = Debug|Any CPU
		{073C0719-1A94-418E-BC4F-B1856201DE85}.Release|Any CPU.ActiveCfg = Release|Any CPU
		{073C0719-1A94-418E-BC4F-B1856201DE85}.Release|Any CPU.Build.0 = Release|Any CPU
		{073C0719-1A94-418E-BC4F-B1856201DE85}.Release|ARM.ActiveCfg = Release|Any CPU
		{073C0719-1A94-418E-BC4F-B1856201DE85}.Release|ARM.Build.0 = Release|Any CPU
		{073C0719-1A94-418E-BC4F-B1856201DE85}.Release|iPhone.ActiveCfg = Release|Any CPU
		{073C0719-1A94-418E-BC4F-B1856201DE85}.Release|iPhone.Build.0 = Release|Any CPU
		{073C0719-1A94-418E-BC4F-B1856201DE85}.Release|iPhoneSimulator.ActiveCfg = Release|Any CPU
		{073C0719-1A94-418E-BC4F-B1856201DE85}.Release|iPhoneSimulator.Build.0 = Release|Any CPU
		{073C0719-1A94-418E-BC4F-B1856201DE85}.Release|x64.ActiveCfg = Release|Any CPU
		{073C0719-1A94-418E-BC4F-B1856201DE85}.Release|x64.Build.0 = Release|Any CPU
		{073C0719-1A94-418E-BC4F-B1856201DE85}.Release|x86.ActiveCfg = Release|Any CPU
		{073C0719-1A94-418E-BC4F-B1856201DE85}.Release|x86.Build.0 = Release|Any CPU
	EndGlobalSection
	GlobalSection(SolutionProperties) = preSolution
		HideSolutionNode = FALSE
	EndGlobalSection
	GlobalSection(ExtensibilityGlobals) = postSolution
		SolutionGuid = {E04739C3-8142-40D9-9EA3-1FE8ED7E1CF6}
	EndGlobalSection
EndGlobal
