
Microsoft Visual Studio Solution File, Format Version 12.00
# Visual Studio 15
VisualStudioVersion = 15.0.26730.10
MinimumVisualStudioVersion = 10.0.40219.1


Project("{9A19103F-16F7-4668-BE54-9A1E7A4F7556}") = "Dialogs", "Dialogs\Dialogs\Dialogs.csproj", "{D7E6396B-9811-443D-9044-5C18BFB97B17}"
EndProject

Project("{FAE04EC0-301F-11D3-BF4B-00C04F79EFBC}") = "Dialogs.iOS", "Dialogs\Dialogs.iOS\Dialogs.iOS.csproj", "{A03108D4-355C-4BD9-B849-6B3FC1E357FA}"
EndProject


Project("{FAE04EC0-301F-11D3-BF4B-00C04F79EFBC}") = "Dialogs.Android", "Dialogs\Dialogs.Android\Dialogs.Android.csproj", "{FCF3D182-9716-43CF-A68C-F95A5A1E15E1}"
EndProject

Project("{FAE04EC0-301F-11D3-BF4B-00C04F79EFBC}") = "Dialogs.UWP", "Dialogs\Dialogs.UWP\Dialogs.UWP.csproj", "{D0DDA2D3-F453-4418-AD34-88969B3C6935}"
EndProject

Global
	GlobalSection(SolutionConfigurationPlatforms) = preSolution
		Ad-Hoc|Any CPU = Ad-Hoc|Any CPU
		Ad-Hoc|ARM = Ad-Hoc|ARM
		Ad-Hoc|iPhone = Ad-Hoc|iPhone
		Ad-Hoc|iPhoneSimulator = Ad-Hoc|iPhoneSimulator
		Ad-Hoc|x64 = Ad-Hoc|x64
		Ad-Hoc|x86 = Ad-Hoc|x86
		AppStore|Any CPU = AppStore|Any CPU
		AppStore|ARM = AppStore|ARM
		AppStore|iPhone = AppStore|iPhone
		AppStore|iPhoneSimulator = AppStore|iPhoneSimulator
		AppStore|x64 = AppStore|x64
		AppStore|x86 = AppStore|x86
		Debug|Any CPU = Debug|Any CPU
		Debug|ARM = Debug|ARM
		Debug|iPhone = Debug|iPhone
		Debug|iPhoneSimulator = Debug|iPhoneSimulator
		Debug|x64 = Debug|x64
		Debug|x86 = Debug|x86
		Release|Any CPU = Release|Any CPU
		Release|ARM = Release|ARM
		Release|iPhone = Release|iPhone
		Release|iPhoneSimulator = Release|iPhoneSimulator
		Release|x64 = Release|x64
		Release|x86 = Release|x86
	EndGlobalSection
	GlobalSection(ProjectConfigurationPlatforms) = postSolution
		{D7E6396B-9811-443D-9044-5C18BFB97B17}.Ad-Hoc|Any CPU.ActiveCfg = Debug|Any CPU
		{D7E6396B-9811-443D-9044-5C18BFB97B17}.Ad-Hoc|Any CPU.Build.0 = Debug|Any CPU
		{D7E6396B-9811-443D-9044-5C18BFB97B17}.Ad-Hoc|ARM.ActiveCfg = Debug|Any CPU
		{D7E6396B-9811-443D-9044-5C18BFB97B17}.Ad-Hoc|ARM.Build.0 = Debug|Any CPU
		{D7E6396B-9811-443D-9044-5C18BFB97B17}.Ad-Hoc|iPhone.ActiveCfg = Debug|Any CPU
		{D7E6396B-9811-443D-9044-5C18BFB97B17}.Ad-Hoc|iPhone.Build.0 = Debug|Any CPU
		{D7E6396B-9811-443D-9044-5C18BFB97B17}.Ad-Hoc|iPhoneSimulator.ActiveCfg = Debug|Any CPU
		{D7E6396B-9811-443D-9044-5C18BFB97B17}.Ad-Hoc|iPhoneSimulator.Build.0 = Debug|Any CPU
		{D7E6396B-9811-443D-9044-5C18BFB97B17}.Ad-Hoc|x64.ActiveCfg = Debug|Any CPU
		{D7E6396B-9811-443D-9044-5C18BFB97B17}.Ad-Hoc|x64.Build.0 = Debug|Any CPU
		{D7E6396B-9811-443D-9044-5C18BFB97B17}.Ad-Hoc|x86.ActiveCfg = Debug|Any CPU
		{D7E6396B-9811-443D-9044-5C18BFB97B17}.Ad-Hoc|x86.Build.0 = Debug|Any CPU
		{D7E6396B-9811-443D-9044-5C18BFB97B17}.AppStore|Any CPU.ActiveCfg = Debug|Any CPU
		{D7E6396B-9811-443D-9044-5C18BFB97B17}.AppStore|Any CPU.Build.0 = Debug|Any CPU
		{D7E6396B-9811-443D-9044-5C18BFB97B17}.AppStore|ARM.ActiveCfg = Debug|Any CPU
		{D7E6396B-9811-443D-9044-5C18BFB97B17}.AppStore|ARM.Build.0 = Debug|Any CPU
		{D7E6396B-9811-443D-9044-5C18BFB97B17}.AppStore|iPhone.ActiveCfg = Debug|Any CPU
		{D7E6396B-9811-443D-9044-5C18BFB97B17}.AppStore|iPhone.Build.0 = Debug|Any CPU
		{D7E6396B-9811-443D-9044-5C18BFB97B17}.AppStore|iPhoneSimulator.ActiveCfg = Debug|Any CPU
		{D7E6396B-9811-443D-9044-5C18BFB97B17}.AppStore|iPhoneSimulator.Build.0 = Debug|Any CPU
		{D7E6396B-9811-443D-9044-5C18BFB97B17}.AppStore|x64.ActiveCfg = Debug|Any CPU
		{D7E6396B-9811-443D-9044-5C18BFB97B17}.AppStore|x64.Build.0 = Debug|Any CPU
		{D7E6396B-9811-443D-9044-5C18BFB97B17}.AppStore|x86.ActiveCfg = Debug|Any CPU
		{D7E6396B-9811-443D-9044-5C18BFB97B17}.AppStore|x86.Build.0 = Debug|Any CPU
		{D7E6396B-9811-443D-9044-5C18BFB97B17}.Debug|Any CPU.ActiveCfg = Debug|Any CPU
		{D7E6396B-9811-443D-9044-5C18BFB97B17}.Debug|Any CPU.Build.0 = Debug|Any CPU
		{D7E6396B-9811-443D-9044-5C18BFB97B17}.Debug|ARM.ActiveCfg = Debug|Any CPU
		{D7E6396B-9811-443D-9044-5C18BFB97B17}.Debug|ARM.Build.0 = Debug|Any CPU
		{D7E6396B-9811-443D-9044-5C18BFB97B17}.Debug|iPhone.ActiveCfg = Debug|Any CPU
		{D7E6396B-9811-443D-9044-5C18BFB97B17}.Debug|iPhone.Build.0 = Debug|Any CPU
		{D7E6396B-9811-443D-9044-5C18BFB97B17}.Debug|iPhoneSimulator.ActiveCfg = Debug|Any CPU
		{D7E6396B-9811-443D-9044-5C18BFB97B17}.Debug|iPhoneSimulator.Build.0 = Debug|Any CPU
		{D7E6396B-9811-443D-9044-5C18BFB97B17}.Debug|x64.ActiveCfg = Debug|Any CPU
		{D7E6396B-9811-443D-9044-5C18BFB97B17}.Debug|x64.Build.0 = Debug|Any CPU
		{D7E6396B-9811-443D-9044-5C18BFB97B17}.Debug|x86.ActiveCfg = Debug|Any CPU
		{D7E6396B-9811-443D-9044-5C18BFB97B17}.Debug|x86.Build.0 = Debug|Any CPU
		{D7E6396B-9811-443D-9044-5C18BFB97B17}.Release|Any CPU.ActiveCfg = Release|Any CPU
		{D7E6396B-9811-443D-9044-5C18BFB97B17}.Release|Any CPU.Build.0 = Release|Any CPU
		{D7E6396B-9811-443D-9044-5C18BFB97B17}.Release|ARM.ActiveCfg = Release|Any CPU
		{D7E6396B-9811-443D-9044-5C18BFB97B17}.Release|ARM.Build.0 = Release|Any CPU
		{D7E6396B-9811-443D-9044-5C18BFB97B17}.Release|iPhone.ActiveCfg = Release|Any CPU
		{D7E6396B-9811-443D-9044-5C18BFB97B17}.Release|iPhone.Build.0 = Release|Any CPU
		{D7E6396B-9811-443D-9044-5C18BFB97B17}.Release|iPhoneSimulator.ActiveCfg = Release|Any CPU
		{D7E6396B-9811-443D-9044-5C18BFB97B17}.Release|iPhoneSimulator.Build.0 = Release|Any CPU
		{D7E6396B-9811-443D-9044-5C18BFB97B17}.Release|x64.ActiveCfg = Release|Any CPU
		{D7E6396B-9811-443D-9044-5C18BFB97B17}.Release|x64.Build.0 = Release|Any CPU
		{D7E6396B-9811-443D-9044-5C18BFB97B17}.Release|x86.ActiveCfg = Release|Any CPU
		{D7E6396B-9811-443D-9044-5C18BFB97B17}.Release|x86.Build.0 = Release|Any CPU
		{A03108D4-355C-4BD9-B849-6B3FC1E357FA}.Ad-Hoc|Any CPU.ActiveCfg = Ad-Hoc|iPhone
		{A03108D4-355C-4BD9-B849-6B3FC1E357FA}.Ad-Hoc|ARM.ActiveCfg = Ad-Hoc|iPhone
		{A03108D4-355C-4BD9-B849-6B3FC1E357FA}.Ad-Hoc|iPhone.ActiveCfg = Ad-Hoc|iPhone
		{A03108D4-355C-4BD9-B849-6B3FC1E357FA}.Ad-Hoc|iPhone.Build.0 = Ad-Hoc|iPhone
		{A03108D4-355C-4BD9-B849-6B3FC1E357FA}.Ad-Hoc|iPhoneSimulator.ActiveCfg = Ad-Hoc|iPhoneSimulator
		{A03108D4-355C-4BD9-B849-6B3FC1E357FA}.Ad-Hoc|iPhoneSimulator.Build.0 = Ad-Hoc|iPhoneSimulator
		{A03108D4-355C-4BD9-B849-6B3FC1E357FA}.Ad-Hoc|x64.ActiveCfg = Ad-Hoc|iPhone
		{A03108D4-355C-4BD9-B849-6B3FC1E357FA}.Ad-Hoc|x86.ActiveCfg = Ad-Hoc|iPhone
		{A03108D4-355C-4BD9-B849-6B3FC1E357FA}.AppStore|Any CPU.ActiveCfg = AppStore|iPhone
		{A03108D4-355C-4BD9-B849-6B3FC1E357FA}.AppStore|ARM.ActiveCfg = AppStore|iPhone
		{A03108D4-355C-4BD9-B849-6B3FC1E357FA}.AppStore|iPhone.ActiveCfg = AppStore|iPhone
		{A03108D4-355C-4BD9-B849-6B3FC1E357FA}.AppStore|iPhone.Build.0 = AppStore|iPhone
		{A03108D4-355C-4BD9-B849-6B3FC1E357FA}.AppStore|iPhoneSimulator.ActiveCfg = AppStore|iPhoneSimulator
		{A03108D4-355C-4BD9-B849-6B3FC1E357FA}.AppStore|iPhoneSimulator.Build.0 = AppStore|iPhoneSimulator
		{A03108D4-355C-4BD9-B849-6B3FC1E357FA}.AppStore|x64.ActiveCfg = AppStore|iPhone
		{A03108D4-355C-4BD9-B849-6B3FC1E357FA}.AppStore|x86.ActiveCfg = AppStore|iPhone
		{A03108D4-355C-4BD9-B849-6B3FC1E357FA}.Debug|Any CPU.ActiveCfg = Debug|iPhone
		{A03108D4-355C-4BD9-B849-6B3FC1E357FA}.Debug|ARM.ActiveCfg = Debug|iPhone
		{A03108D4-355C-4BD9-B849-6B3FC1E357FA}.Debug|iPhone.ActiveCfg = Debug|iPhone
		{A03108D4-355C-4BD9-B849-6B3FC1E357FA}.Debug|iPhone.Build.0 = Debug|iPhone
		{A03108D4-355C-4BD9-B849-6B3FC1E357FA}.Debug|iPhoneSimulator.ActiveCfg = Debug|iPhoneSimulator
		{A03108D4-355C-4BD9-B849-6B3FC1E357FA}.Debug|iPhoneSimulator.Build.0 = Debug|iPhoneSimulator
		{A03108D4-355C-4BD9-B849-6B3FC1E357FA}.Debug|x64.ActiveCfg = Debug|iPhone
		{A03108D4-355C-4BD9-B849-6B3FC1E357FA}.Debug|x86.ActiveCfg = Debug|iPhone
		{A03108D4-355C-4BD9-B849-6B3FC1E357FA}.Release|Any CPU.ActiveCfg = Release|iPhone
		{A03108D4-355C-4BD9-B849-6B3FC1E357FA}.Release|ARM.ActiveCfg = Release|iPhone
		{A03108D4-355C-4BD9-B849-6B3FC1E357FA}.Release|iPhone.ActiveCfg = Release|iPhone
		{A03108D4-355C-4BD9-B849-6B3FC1E357FA}.Release|iPhone.Build.0 = Release|iPhone
		{A03108D4-355C-4BD9-B849-6B3FC1E357FA}.Release|iPhoneSimulator.ActiveCfg = Release|iPhoneSimulator
		{A03108D4-355C-4BD9-B849-6B3FC1E357FA}.Release|iPhoneSimulator.Build.0 = Release|iPhoneSimulator
		{A03108D4-355C-4BD9-B849-6B3FC1E357FA}.Release|x64.ActiveCfg = Release|iPhone
		{A03108D4-355C-4BD9-B849-6B3FC1E357FA}.Release|x86.ActiveCfg = Release|iPhone
		{D0DDA2D3-F453-4418-AD34-88969B3C6935}.Ad-Hoc|Any CPU.ActiveCfg = Release|x86
		{D0DDA2D3-F453-4418-AD34-88969B3C6935}.Ad-Hoc|Any CPU.Build.0 = Release|x86
		{D0DDA2D3-F453-4418-AD34-88969B3C6935}.Ad-Hoc|Any CPU.Deploy.0 = Release|x86
		{D0DDA2D3-F453-4418-AD34-88969B3C6935}.Ad-Hoc|ARM.ActiveCfg = Release|ARM
		{D0DDA2D3-F453-4418-AD34-88969B3C6935}.Ad-Hoc|ARM.Build.0 = Release|ARM
		{D0DDA2D3-F453-4418-AD34-88969B3C6935}.Ad-Hoc|ARM.Deploy.0 = Release|ARM
		{D0DDA2D3-F453-4418-AD34-88969B3C6935}.Ad-Hoc|iPhone.ActiveCfg = Release|x86
		{D0DDA2D3-F453-4418-AD34-88969B3C6935}.Ad-Hoc|iPhone.Build.0 = Release|x86
		{D0DDA2D3-F453-4418-AD34-88969B3C6935}.Ad-Hoc|iPhone.Deploy.0 = Release|x86
		{D0DDA2D3-F453-4418-AD34-88969B3C6935}.Ad-Hoc|iPhoneSimulator.ActiveCfg = Release|x86
		{D0DDA2D3-F453-4418-AD34-88969B3C6935}.Ad-Hoc|iPhoneSimulator.Build.0 = Release|x86
		{D0DDA2D3-F453-4418-AD34-88969B3C6935}.Ad-Hoc|iPhoneSimulator.Deploy.0 = Release|x86
		{D0DDA2D3-F453-4418-AD34-88969B3C6935}.Ad-Hoc|x64.ActiveCfg = Release|x64
		{D0DDA2D3-F453-4418-AD34-88969B3C6935}.Ad-Hoc|x64.Build.0 = Release|x64
		{D0DDA2D3-F453-4418-AD34-88969B3C6935}.Ad-Hoc|x64.Deploy.0 = Release|x64
		{D0DDA2D3-F453-4418-AD34-88969B3C6935}.Ad-Hoc|x86.ActiveCfg = Release|x86
		{D0DDA2D3-F453-4418-AD34-88969B3C6935}.Ad-Hoc|x86.Build.0 = Release|x86
		{D0DDA2D3-F453-4418-AD34-88969B3C6935}.Ad-Hoc|x86.Deploy.0 = Release|x86
		{D0DDA2D3-F453-4418-AD34-88969B3C6935}.AppStore|Any CPU.ActiveCfg = Release|x86
		{D0DDA2D3-F453-4418-AD34-88969B3C6935}.AppStore|Any CPU.Build.0 = Release|x86
		{D0DDA2D3-F453-4418-AD34-88969B3C6935}.AppStore|Any CPU.Deploy.0 = Release|x86
		{D0DDA2D3-F453-4418-AD34-88969B3C6935}.AppStore|ARM.ActiveCfg = Release|ARM
		{D0DDA2D3-F453-4418-AD34-88969B3C6935}.AppStore|ARM.Build.0 = Release|ARM
		{D0DDA2D3-F453-4418-AD34-88969B3C6935}.AppStore|ARM.Deploy.0 = Release|ARM
		{D0DDA2D3-F453-4418-AD34-88969B3C6935}.AppStore|iPhone.ActiveCfg = Release|x86
		{D0DDA2D3-F453-4418-AD34-88969B3C6935}.AppStore|iPhone.Build.0 = Release|x86
		{D0DDA2D3-F453-4418-AD34-88969B3C6935}.AppStore|iPhone.Deploy.0 = Release|x86
		{D0DDA2D3-F453-4418-AD34-88969B3C6935}.AppStore|iPhoneSimulator.ActiveCfg = Release|x86
		{D0DDA2D3-F453-4418-AD34-88969B3C6935}.AppStore|iPhoneSimulator.Build.0 = Release|x86
		{D0DDA2D3-F453-4418-AD34-88969B3C6935}.AppStore|iPhoneSimulator.Deploy.0 = Release|x86
		{D0DDA2D3-F453-4418-AD34-88969B3C6935}.AppStore|x64.ActiveCfg = Release|x64
		{D0DDA2D3-F453-4418-AD34-88969B3C6935}.AppStore|x64.Build.0 = Release|x64
		{D0DDA2D3-F453-4418-AD34-88969B3C6935}.AppStore|x64.Deploy.0 = Release|x64
		{D0DDA2D3-F453-4418-AD34-88969B3C6935}.AppStore|x86.ActiveCfg = Release|x86
		{D0DDA2D3-F453-4418-AD34-88969B3C6935}.AppStore|x86.Build.0 = Release|x86
		{D0DDA2D3-F453-4418-AD34-88969B3C6935}.AppStore|x86.Deploy.0 = Release|x86
		{D0DDA2D3-F453-4418-AD34-88969B3C6935}.Debug|Any CPU.ActiveCfg = Debug|x86
		{D0DDA2D3-F453-4418-AD34-88969B3C6935}.Debug|ARM.ActiveCfg = Debug|ARM
		{D0DDA2D3-F453-4418-AD34-88969B3C6935}.Debug|ARM.Build.0 = Debug|ARM
		{D0DDA2D3-F453-4418-AD34-88969B3C6935}.Debug|ARM.Deploy.0 = Debug|ARM
		{D0DDA2D3-F453-4418-AD34-88969B3C6935}.Debug|iPhone.ActiveCfg = Debug|x86
		{D0DDA2D3-F453-4418-AD34-88969B3C6935}.Debug|iPhoneSimulator.ActiveCfg = Debug|x86
		{D0DDA2D3-F453-4418-AD34-88969B3C6935}.Debug|x64.ActiveCfg = Debug|x64
		{D0DDA2D3-F453-4418-AD34-88969B3C6935}.Debug|x64.Build.0 = Debug|x64
		{D0DDA2D3-F453-4418-AD34-88969B3C6935}.Debug|x64.Deploy.0 = Debug|x64
		{D0DDA2D3-F453-4418-AD34-88969B3C6935}.Debug|x86.ActiveCfg = Debug|x86
		{D0DDA2D3-F453-4418-AD34-88969B3C6935}.Debug|x86.Build.0 = Debug|x86
		{D0DDA2D3-F453-4418-AD34-88969B3C6935}.Debug|x86.Deploy.0 = Debug|x86
		{D0DDA2D3-F453-4418-AD34-88969B3C6935}.Release|Any CPU.ActiveCfg = Release|x86
		{D0DDA2D3-F453-4418-AD34-88969B3C6935}.Release|ARM.ActiveCfg = Release|ARM
		{D0DDA2D3-F453-4418-AD34-88969B3C6935}.Release|ARM.Build.0 = Release|ARM
		{D0DDA2D3-F453-4418-AD34-88969B3C6935}.Release|ARM.Deploy.0 = Release|ARM
		{D0DDA2D3-F453-4418-AD34-88969B3C6935}.Release|iPhone.ActiveCfg = Release|x86
		{D0DDA2D3-F453-4418-AD34-88969B3C6935}.Release|iPhoneSimulator.ActiveCfg = Release|x86
		{D0DDA2D3-F453-4418-AD34-88969B3C6935}.Release|x64.ActiveCfg = Release|x64
		{D0DDA2D3-F453-4418-AD34-88969B3C6935}.Release|x64.Build.0 = Release|x64
		{D0DDA2D3-F453-4418-AD34-88969B3C6935}.Release|x64.Deploy.0 = Release|x64
		{D0DDA2D3-F453-4418-AD34-88969B3C6935}.Release|x86.ActiveCfg = Release|x86
		{D0DDA2D3-F453-4418-AD34-88969B3C6935}.Release|x86.Build.0 = Release|x86
		{D0DDA2D3-F453-4418-AD34-88969B3C6935}.Release|x86.Deploy.0 = Release|x86
		{20FDA6ED-B68E-4610-807B-F358668F181E}.Ad-Hoc|Any CPU.ActiveCfg = Release|Any CPU
		{20FDA6ED-B68E-4610-807B-F358668F181E}.Ad-Hoc|Any CPU.Build.0 = Release|Any CPU
		{20FDA6ED-B68E-4610-807B-F358668F181E}.Ad-Hoc|Any CPU.Deploy.0 = Release|Any CPU
		{20FDA6ED-B68E-4610-807B-F358668F181E}.Ad-Hoc|ARM.ActiveCfg = Release|Any CPU
		{20FDA6ED-B68E-4610-807B-F358668F181E}.Ad-Hoc|ARM.Build.0 = Release|Any CPU
		{20FDA6ED-B68E-4610-807B-F358668F181E}.Ad-Hoc|ARM.Deploy.0 = Release|Any CPU
		{20FDA6ED-B68E-4610-807B-F358668F181E}.Ad-Hoc|iPhone.ActiveCfg = Release|Any CPU
		{20FDA6ED-B68E-4610-807B-F358668F181E}.Ad-Hoc|iPhone.Build.0 = Release|Any CPU
		{20FDA6ED-B68E-4610-807B-F358668F181E}.Ad-Hoc|iPhone.Deploy.0 = Release|Any CPU
		{20FDA6ED-B68E-4610-807B-F358668F181E}.Ad-Hoc|iPhoneSimulator.ActiveCfg = Release|Any CPU
		{20FDA6ED-B68E-4610-807B-F358668F181E}.Ad-Hoc|iPhoneSimulator.Build.0 = Release|Any CPU
		{20FDA6ED-B68E-4610-807B-F358668F181E}.Ad-Hoc|iPhoneSimulator.Deploy.0 = Release|Any CPU
		{20FDA6ED-B68E-4610-807B-F358668F181E}.Ad-Hoc|x64.ActiveCfg = Release|Any CPU
		{20FDA6ED-B68E-4610-807B-F358668F181E}.Ad-Hoc|x64.Build.0 = Release|Any CPU
		{20FDA6ED-B68E-4610-807B-F358668F181E}.Ad-Hoc|x64.Deploy.0 = Release|Any CPU
		{20FDA6ED-B68E-4610-807B-F358668F181E}.Ad-Hoc|x86.ActiveCfg = Release|Any CPU
		{20FDA6ED-B68E-4610-807B-F358668F181E}.Ad-Hoc|x86.Build.0 = Release|Any CPU
		{20FDA6ED-B68E-4610-807B-F358668F181E}.Ad-Hoc|x86.Deploy.0 = Release|Any CPU
		{20FDA6ED-B68E-4610-807B-F358668F181E}.AppStore|Any CPU.ActiveCfg = Release|Any CPU
		{20FDA6ED-B68E-4610-807B-F358668F181E}.AppStore|Any CPU.Build.0 = Release|Any CPU
		{20FDA6ED-B68E-4610-807B-F358668F181E}.AppStore|Any CPU.Deploy.0 = Release|Any CPU
		{20FDA6ED-B68E-4610-807B-F358668F181E}.AppStore|ARM.ActiveCfg = Release|Any CPU
		{20FDA6ED-B68E-4610-807B-F358668F181E}.AppStore|ARM.Build.0 = Release|Any CPU
		{20FDA6ED-B68E-4610-807B-F358668F181E}.AppStore|ARM.Deploy.0 = Release|Any CPU
		{20FDA6ED-B68E-4610-807B-F358668F181E}.AppStore|iPhone.ActiveCfg = Release|Any CPU
		{20FDA6ED-B68E-4610-807B-F358668F181E}.AppStore|iPhone.Build.0 = Release|Any CPU
		{20FDA6ED-B68E-4610-807B-F358668F181E}.AppStore|iPhone.Deploy.0 = Release|Any CPU
		{20FDA6ED-B68E-4610-807B-F358668F181E}.AppStore|iPhoneSimulator.ActiveCfg = Release|Any CPU
		{20FDA6ED-B68E-4610-807B-F358668F181E}.AppStore|iPhoneSimulator.Build.0 = Release|Any CPU
		{20FDA6ED-B68E-4610-807B-F358668F181E}.AppStore|iPhoneSimulator.Deploy.0 = Release|Any CPU
		{20FDA6ED-B68E-4610-807B-F358668F181E}.AppStore|x64.ActiveCfg = Release|Any CPU
		{20FDA6ED-B68E-4610-807B-F358668F181E}.AppStore|x64.Build.0 = Release|Any CPU
		{20FDA6ED-B68E-4610-807B-F358668F181E}.AppStore|x64.Deploy.0 = Release|Any CPU
		{20FDA6ED-B68E-4610-807B-F358668F181E}.AppStore|x86.ActiveCfg = Release|Any CPU
		{20FDA6ED-B68E-4610-807B-F358668F181E}.AppStore|x86.Build.0 = Release|Any CPU
		{20FDA6ED-B68E-4610-807B-F358668F181E}.AppStore|x86.Deploy.0 = Release|Any CPU
		{20FDA6ED-B68E-4610-807B-F358668F181E}.Debug|Any CPU.ActiveCfg = Debug|Any CPU
		{20FDA6ED-B68E-4610-807B-F358668F181E}.Debug|Any CPU.Build.0 = Debug|Any CPU
		{20FDA6ED-B68E-4610-807B-F358668F181E}.Debug|Any CPU.Deploy.0 = Debug|Any CPU
		{20FDA6ED-B68E-4610-807B-F358668F181E}.Debug|ARM.ActiveCfg = Debug|Any CPU
		{20FDA6ED-B68E-4610-807B-F358668F181E}.Debug|ARM.Build.0 = Debug|Any CPU
		{20FDA6ED-B68E-4610-807B-F358668F181E}.Debug|ARM.Deploy.0 = Debug|Any CPU
		{20FDA6ED-B68E-4610-807B-F358668F181E}.Debug|iPhone.ActiveCfg = Debug|Any CPU
		{20FDA6ED-B68E-4610-807B-F358668F181E}.Debug|iPhone.Build.0 = Debug|Any CPU
		{20FDA6ED-B68E-4610-807B-F358668F181E}.Debug|iPhone.Deploy.0 = Debug|Any CPU
		{20FDA6ED-B68E-4610-807B-F358668F181E}.Debug|iPhoneSimulator.ActiveCfg = Debug|Any CPU
		{20FDA6ED-B68E-4610-807B-F358668F181E}.Debug|iPhoneSimulator.Build.0 = Debug|Any CPU
		{20FDA6ED-B68E-4610-807B-F358668F181E}.Debug|iPhoneSimulator.Deploy.0 = Debug|Any CPU
		{20FDA6ED-B68E-4610-807B-F358668F181E}.Debug|x64.ActiveCfg = Debug|Any CPU
		{20FDA6ED-B68E-4610-807B-F358668F181E}.Debug|x64.Build.0 = Debug|Any CPU
		{20FDA6ED-B68E-4610-807B-F358668F181E}.Debug|x64.Deploy.0 = Debug|Any CPU
		{20FDA6ED-B68E-4610-807B-F358668F181E}.Debug|x86.ActiveCfg = Debug|Any CPU
		{20FDA6ED-B68E-4610-807B-F358668F181E}.Debug|x86.Build.0 = Debug|Any CPU
		{20FDA6ED-B68E-4610-807B-F358668F181E}.Debug|x86.Deploy.0 = Debug|Any CPU
		{20FDA6ED-B68E-4610-807B-F358668F181E}.Release|Any CPU.ActiveCfg = Release|Any CPU
		{20FDA6ED-B68E-4610-807B-F358668F181E}.Release|Any CPU.Build.0 = Release|Any CPU
		{20FDA6ED-B68E-4610-807B-F358668F181E}.Release|Any CPU.Deploy.0 = Release|Any CPU
		{20FDA6ED-B68E-4610-807B-F358668F181E}.Release|ARM.ActiveCfg = Release|Any CPU
		{20FDA6ED-B68E-4610-807B-F358668F181E}.Release|ARM.Build.0 = Release|Any CPU
		{20FDA6ED-B68E-4610-807B-F358668F181E}.Release|ARM.Deploy.0 = Release|Any CPU
		{20FDA6ED-B68E-4610-807B-F358668F181E}.Release|iPhone.ActiveCfg = Release|Any CPU
		{20FDA6ED-B68E-4610-807B-F358668F181E}.Release|iPhone.Build.0 = Release|Any CPU
		{20FDA6ED-B68E-4610-807B-F358668F181E}.Release|iPhone.Deploy.0 = Release|Any CPU
		{20FDA6ED-B68E-4610-807B-F358668F181E}.Release|iPhoneSimulator.ActiveCfg = Release|Any CPU
		{20FDA6ED-B68E-4610-807B-F358668F181E}.Release|iPhoneSimulator.Build.0 = Release|Any CPU
		{20FDA6ED-B68E-4610-807B-F358668F181E}.Release|iPhoneSimulator.Deploy.0 = Release|Any CPU
		{20FDA6ED-B68E-4610-807B-F358668F181E}.Release|x64.ActiveCfg = Release|Any CPU
		{20FDA6ED-B68E-4610-807B-F358668F181E}.Release|x64.Build.0 = Release|Any CPU
		{20FDA6ED-B68E-4610-807B-F358668F181E}.Release|x64.Deploy.0 = Release|Any CPU
		{20FDA6ED-B68E-4610-807B-F358668F181E}.Release|x86.ActiveCfg = Release|Any CPU
		{20FDA6ED-B68E-4610-807B-F358668F181E}.Release|x86.Build.0 = Release|Any CPU
		{20FDA6ED-B68E-4610-807B-F358668F181E}.Release|x86.Deploy.0 = Release|Any CPU
		{B445DF73-AC9E-4276-9FBA-7CB5AD5D2518}.Ad-Hoc|Any CPU.ActiveCfg = Release|Any CPU
		{B445DF73-AC9E-4276-9FBA-7CB5AD5D2518}.Ad-Hoc|Any CPU.Build.0 = Release|Any CPU
		{B445DF73-AC9E-4276-9FBA-7CB5AD5D2518}.Ad-Hoc|ARM.ActiveCfg = Release|Any CPU
		{B445DF73-AC9E-4276-9FBA-7CB5AD5D2518}.Ad-Hoc|ARM.Build.0 = Release|Any CPU
		{B445DF73-AC9E-4276-9FBA-7CB5AD5D2518}.Ad-Hoc|iPhone.ActiveCfg = Release|Any CPU
		{B445DF73-AC9E-4276-9FBA-7CB5AD5D2518}.Ad-Hoc|iPhone.Build.0 = Release|Any CPU
		{B445DF73-AC9E-4276-9FBA-7CB5AD5D2518}.Ad-Hoc|iPhoneSimulator.ActiveCfg = Release|Any CPU
		{B445DF73-AC9E-4276-9FBA-7CB5AD5D2518}.Ad-Hoc|iPhoneSimulator.Build.0 = Release|Any CPU
		{B445DF73-AC9E-4276-9FBA-7CB5AD5D2518}.Ad-Hoc|x64.ActiveCfg = Release|Any CPU
		{B445DF73-AC9E-4276-9FBA-7CB5AD5D2518}.Ad-Hoc|x64.Build.0 = Release|Any CPU
		{B445DF73-AC9E-4276-9FBA-7CB5AD5D2518}.Ad-Hoc|x86.ActiveCfg = Release|Any CPU
		{B445DF73-AC9E-4276-9FBA-7CB5AD5D2518}.Ad-Hoc|x86.Build.0 = Release|Any CPU
		{B445DF73-AC9E-4276-9FBA-7CB5AD5D2518}.AppStore|Any CPU.ActiveCfg = Release|Any CPU
		{B445DF73-AC9E-4276-9FBA-7CB5AD5D2518}.AppStore|Any CPU.Build.0 = Release|Any CPU
		{B445DF73-AC9E-4276-9FBA-7CB5AD5D2518}.AppStore|ARM.ActiveCfg = Release|Any CPU
		{B445DF73-AC9E-4276-9FBA-7CB5AD5D2518}.AppStore|ARM.Build.0 = Release|Any CPU
		{B445DF73-AC9E-4276-9FBA-7CB5AD5D2518}.AppStore|iPhone.ActiveCfg = Release|Any CPU
		{B445DF73-AC9E-4276-9FBA-7CB5AD5D2518}.AppStore|iPhone.Build.0 = Release|Any CPU
		{B445DF73-AC9E-4276-9FBA-7CB5AD5D2518}.AppStore|iPhoneSimulator.ActiveCfg = Release|Any CPU
		{B445DF73-AC9E-4276-9FBA-7CB5AD5D2518}.AppStore|iPhoneSimulator.Build.0 = Release|Any CPU
		{B445DF73-AC9E-4276-9FBA-7CB5AD5D2518}.AppStore|x64.ActiveCfg = Release|Any CPU
		{B445DF73-AC9E-4276-9FBA-7CB5AD5D2518}.AppStore|x64.Build.0 = Release|Any CPU
		{B445DF73-AC9E-4276-9FBA-7CB5AD5D2518}.AppStore|x86.ActiveCfg = Release|Any CPU
		{B445DF73-AC9E-4276-9FBA-7CB5AD5D2518}.AppStore|x86.Build.0 = Release|Any CPU
		{B445DF73-AC9E-4276-9FBA-7CB5AD5D2518}.Debug|Any CPU.ActiveCfg = Debug|Any CPU
		{B445DF73-AC9E-4276-9FBA-7CB5AD5D2518}.Debug|Any CPU.Build.0 = Debug|Any CPU
		{B445DF73-AC9E-4276-9FBA-7CB5AD5D2518}.Debug|ARM.ActiveCfg = Debug|Any CPU
		{B445DF73-AC9E-4276-9FBA-7CB5AD5D2518}.Debug|ARM.Build.0 = Debug|Any CPU
		{B445DF73-AC9E-4276-9FBA-7CB5AD5D2518}.Debug|iPhone.ActiveCfg = Debug|Any CPU
		{B445DF73-AC9E-4276-9FBA-7CB5AD5D2518}.Debug|iPhone.Build.0 = Debug|Any CPU
		{B445DF73-AC9E-4276-9FBA-7CB5AD5D2518}.Debug|iPhoneSimulator.ActiveCfg = Debug|Any CPU
		{B445DF73-AC9E-4276-9FBA-7CB5AD5D2518}.Debug|iPhoneSimulator.Build.0 = Debug|Any CPU
		{B445DF73-AC9E-4276-9FBA-7CB5AD5D2518}.Debug|x64.ActiveCfg = Debug|Any CPU
		{B445DF73-AC9E-4276-9FBA-7CB5AD5D2518}.Debug|x64.Build.0 = Debug|Any CPU
		{B445DF73-AC9E-4276-9FBA-7CB5AD5D2518}.Debug|x86.ActiveCfg = Debug|Any CPU
		{B445DF73-AC9E-4276-9FBA-7CB5AD5D2518}.Debug|x86.Build.0 = Debug|Any CPU
		{B445DF73-AC9E-4276-9FBA-7CB5AD5D2518}.Release|Any CPU.ActiveCfg = Release|Any CPU
		{B445DF73-AC9E-4276-9FBA-7CB5AD5D2518}.Release|Any CPU.Build.0 = Release|Any CPU
		{B445DF73-AC9E-4276-9FBA-7CB5AD5D2518}.Release|ARM.ActiveCfg = Release|Any CPU
		{B445DF73-AC9E-4276-9FBA-7CB5AD5D2518}.Release|ARM.Build.0 = Release|Any CPU
		{B445DF73-AC9E-4276-9FBA-7CB5AD5D2518}.Release|iPhone.ActiveCfg = Release|Any CPU
		{B445DF73-AC9E-4276-9FBA-7CB5AD5D2518}.Release|iPhone.Build.0 = Release|Any CPU
		{B445DF73-AC9E-4276-9FBA-7CB5AD5D2518}.Release|iPhoneSimulator.ActiveCfg = Release|Any CPU
		{B445DF73-AC9E-4276-9FBA-7CB5AD5D2518}.Release|iPhoneSimulator.Build.0 = Release|Any CPU
		{B445DF73-AC9E-4276-9FBA-7CB5AD5D2518}.Release|x64.ActiveCfg = Release|Any CPU
		{B445DF73-AC9E-4276-9FBA-7CB5AD5D2518}.Release|x64.Build.0 = Release|Any CPU
		{B445DF73-AC9E-4276-9FBA-7CB5AD5D2518}.Release|x86.ActiveCfg = Release|Any CPU
		{B445DF73-AC9E-4276-9FBA-7CB5AD5D2518}.Release|x86.Build.0 = Release|Any CPU
	EndGlobalSection
	GlobalSection(SolutionProperties) = preSolution
		HideSolutionNode = FALSE
	EndGlobalSection
	GlobalSection(ExtensibilityGlobals) = postSolution
		SolutionGuid = {F6D05029-56B8-4E45-AF2D-0E76295DDBA2}
	EndGlobalSection
EndGlobal
